
Microsoft Visual Studio Solution File, Format Version 12.00
# Visual Studio Version 17
VisualStudioVersion = 17.2.32526.322
MinimumVisualStudioVersion = 10.0.40219.1
Project("{FAE04EC0-301F-11D3-BF4B-00C04F79EFBC}") = "StarBasedJumpMap", "StarBasedJumpMap\StarBasedJumpMap.csproj", "{661CA269-CB7B-4D3A-AD0B-74F568A6334C}"
EndProject
Project("{FAE04EC0-301F-11D3-BF4B-00C04F79EFBC}") = "NavigationComputer", "..\..\BattletechForked\NavigationComputer\NavigationComputer.csproj", "{D6700129-BEF3-4C76-A1E9-493256357DD4}"
EndProject
Global
	GlobalSection(SolutionConfigurationPlatforms) = preSolution
		Debug|Any CPU = Debug|Any CPU
		Release|Any CPU = Release|Any CPU
	EndGlobalSection
	GlobalSection(ProjectConfigurationPlatforms) = postSolution
		{661CA269-CB7B-4D3A-AD0B-74F568A6334C}.Debug|Any CPU.ActiveCfg = Debug|Any CPU
		{661CA269-CB7B-4D3A-AD0B-74F568A6334C}.Debug|Any CPU.Build.0 = Debug|Any CPU
		{661CA269-CB7B-4D3A-AD0B-74F568A6334C}.Release|Any CPU.ActiveCfg = Release|Any CPU
		{661CA269-CB7B-4D3A-AD0B-74F568A6334C}.Release|Any CPU.Build.0 = Release|Any CPU
		{D6700129-BEF3-4C76-A1E9-493256357DD4}.Debug|Any CPU.ActiveCfg = Debug|Any CPU
		{D6700129-BEF3-4C76-A1E9-493256357DD4}.Debug|Any CPU.Build.0 = Debug|Any CPU
		{D6700129-BEF3-4C76-A1E9-493256357DD4}.Release|Any CPU.ActiveCfg = Release|Any CPU
		{D6700129-BEF3-4C76-A1E9-493256357DD4}.Release|Any CPU.Build.0 = Release|Any CPU
	EndGlobalSection
	GlobalSection(SolutionProperties) = preSolution
		HideSolutionNode = FALSE
	EndGlobalSection
	GlobalSection(ExtensibilityGlobals) = postSolution
		SolutionGuid = {3546DC98-F5AB-418F-97DF-60BF03A52284}
	EndGlobalSection
EndGlobal
